
Microsoft Visual Studio Solution File, Format Version 12.00
# Visual Studio Version 17
VisualStudioVersion = 17.14.36429.23 d17.14
MinimumVisualStudioVersion = 10.0.40219.1
Project("{2150E333-8FDC-42A3-9474-1A3956D46DE8}") = "src", "src", "{E2A3AEEE-11A4-4517-BF69-16A85DC2024C}"
EndProject
Project("{2150E333-8FDC-42A3-9474-1A3956D46DE8}") = "tests", "tests", "{2B393270-44F5-4E70-82A2-51781F43FE57}"
EndProject
Project("{FAE04EC0-301F-11D3-BF4B-00C04F79EFBC}") = "Domain", "src\Domain\Domain.csproj", "{9A6CCDD5-DB4C-459B-BAF3-9CDE0D5D534E}"
EndProject
Project("{FAE04EC0-301F-11D3-BF4B-00C04F79EFBC}") = "Application", "src\Application\Application.csproj", "{FD27E2D7-3941-4066-B17B-844FFE7F4CAE}"
EndProject
Project("{FAE04EC0-301F-11D3-BF4B-00C04F79EFBC}") = "Persistence", "src\Persistence\Persistence.csproj", "{34BED02B-BE30-4C56-A8AC-449FA2CA70B2}"
EndProject
Project("{FAE04EC0-301F-11D3-BF4B-00C04F79EFBC}") = "Infrastructure", "src\Infrastructure\Infrastructure.csproj", "{0B5018FD-A53C-49A2-9DE9-63728E6E2859}"
EndProject
Project("{FAE04EC0-301F-11D3-BF4B-00C04F79EFBC}") = "Presentation", "src\Presentation\Presentation.csproj", "{FBB2877C-010F-492D-9CCA-03E807D2494A}"
EndProject
Project("{FAE04EC0-301F-11D3-BF4B-00C04F79EFBC}") = "App", "src\App\App.csproj", "{AABAD4B5-8C11-4EFE-A9C7-5D33B9263522}"
EndProject
Project("{FAE04EC0-301F-11D3-BF4B-00C04F79EFBC}") = "Application.UnitTests", "tests\Application.UnitTests\Application.UnitTests.csproj", "{52E0D410-6332-453B-8350-DB9C0A467421}"
EndProject
Project("{E53339B2-1760-4266-BCC7-CA923CBCF16C}") = "docker-compose", "docker-compose.dcproj", "{81DDED9D-158B-E303-5F62-77A2896D2A5A}"
EndProject
Global
	GlobalSection(SolutionConfigurationPlatforms) = preSolution
		Debug|Any CPU = Debug|Any CPU
		Release|Any CPU = Release|Any CPU
	EndGlobalSection
	GlobalSection(ProjectConfigurationPlatforms) = postSolution
		{9A6CCDD5-DB4C-459B-BAF3-9CDE0D5D534E}.Debug|Any CPU.ActiveCfg = Debug|Any CPU
		{9A6CCDD5-DB4C-459B-BAF3-9CDE0D5D534E}.Debug|Any CPU.Build.0 = Debug|Any CPU
		{9A6CCDD5-DB4C-459B-BAF3-9CDE0D5D534E}.Release|Any CPU.ActiveCfg = Release|Any CPU
		{9A6CCDD5-DB4C-459B-BAF3-9CDE0D5D534E}.Release|Any CPU.Build.0 = Release|Any CPU
		{FD27E2D7-3941-4066-B17B-844FFE7F4CAE}.Debug|Any CPU.ActiveCfg = Debug|Any CPU
		{FD27E2D7-3941-4066-B17B-844FFE7F4CAE}.Debug|Any CPU.Build.0 = Debug|Any CPU
		{FD27E2D7-3941-4066-B17B-844FFE7F4CAE}.Release|Any CPU.ActiveCfg = Release|Any CPU
		{FD27E2D7-3941-4066-B17B-844FFE7F4CAE}.Release|Any CPU.Build.0 = Release|Any CPU
		{34BED02B-BE30-4C56-A8AC-449FA2CA70B2}.Debug|Any CPU.ActiveCfg = Debug|Any CPU
		{34BED02B-BE30-4C56-A8AC-449FA2CA70B2}.Debug|Any CPU.Build.0 = Debug|Any CPU
		{34BED02B-BE30-4C56-A8AC-449FA2CA70B2}.Release|Any CPU.ActiveCfg = Release|Any CPU
		{34BED02B-BE30-4C56-A8AC-449FA2CA70B2}.Release|Any CPU.Build.0 = Release|Any CPU
		{0B5018FD-A53C-49A2-9DE9-63728E6E2859}.Debug|Any CPU.ActiveCfg = Debug|Any CPU
		{0B5018FD-A53C-49A2-9DE9-63728E6E2859}.Debug|Any CPU.Build.0 = Debug|Any CPU
		{0B5018FD-A53C-49A2-9DE9-63728E6E2859}.Release|Any CPU.ActiveCfg = Release|Any CPU
		{0B5018FD-A53C-49A2-9DE9-63728E6E2859}.Release|Any CPU.Build.0 = Release|Any CPU
		{FBB2877C-010F-492D-9CCA-03E807D2494A}.Debug|Any CPU.ActiveCfg = Debug|Any CPU
		{FBB2877C-010F-492D-9CCA-03E807D2494A}.Debug|Any CPU.Build.0 = Debug|Any CPU
		{FBB2877C-010F-492D-9CCA-03E807D2494A}.Release|Any CPU.ActiveCfg = Release|Any CPU
		{FBB2877C-010F-492D-9CCA-03E807D2494A}.Release|Any CPU.Build.0 = Release|Any CPU
		{AABAD4B5-8C11-4EFE-A9C7-5D33B9263522}.Debug|Any CPU.ActiveCfg = Debug|Any CPU
		{AABAD4B5-8C11-4EFE-A9C7-5D33B9263522}.Debug|Any CPU.Build.0 = Debug|Any CPU
		{AABAD4B5-8C11-4EFE-A9C7-5D33B9263522}.Release|Any CPU.ActiveCfg = Release|Any CPU
		{AABAD4B5-8C11-4EFE-A9C7-5D33B9263522}.Release|Any CPU.Build.0 = Release|Any CPU
		{52E0D410-6332-453B-8350-DB9C0A467421}.Debug|Any CPU.ActiveCfg = Debug|Any CPU
		{52E0D410-6332-453B-8350-DB9C0A467421}.Debug|Any CPU.Build.0 = Debug|Any CPU
		{52E0D410-6332-453B-8350-DB9C0A467421}.Release|Any CPU.ActiveCfg = Release|Any CPU
		{52E0D410-6332-453B-8350-DB9C0A467421}.Release|Any CPU.Build.0 = Release|Any CPU
		{81DDED9D-158B-E303-5F62-77A2896D2A5A}.Debug|Any CPU.ActiveCfg = Debug|Any CPU
		{81DDED9D-158B-E303-5F62-77A2896D2A5A}.Debug|Any CPU.Build.0 = Debug|Any CPU
		{81DDED9D-158B-E303-5F62-77A2896D2A5A}.Release|Any CPU.ActiveCfg = Release|Any CPU
		{81DDED9D-158B-E303-5F62-77A2896D2A5A}.Release|Any CPU.Build.0 = Release|Any CPU
	EndGlobalSection
	GlobalSection(SolutionProperties) = preSolution
		HideSolutionNode = FALSE
	EndGlobalSection
	GlobalSection(NestedProjects) = preSolution
		{9A6CCDD5-DB4C-459B-BAF3-9CDE0D5D534E} = {E2A3AEEE-11A4-4517-BF69-16A85DC2024C}
		{FD27E2D7-3941-4066-B17B-844FFE7F4CAE} = {E2A3AEEE-11A4-4517-BF69-16A85DC2024C}
		{34BED02B-BE30-4C56-A8AC-449FA2CA70B2} = {E2A3AEEE-11A4-4517-BF69-16A85DC2024C}
		{0B5018FD-A53C-49A2-9DE9-63728E6E2859} = {E2A3AEEE-11A4-4517-BF69-16A85DC2024C}
		{FBB2877C-010F-492D-9CCA-03E807D2494A} = {E2A3AEEE-11A4-4517-BF69-16A85DC2024C}
		{AABAD4B5-8C11-4EFE-A9C7-5D33B9263522} = {E2A3AEEE-11A4-4517-BF69-16A85DC2024C}
		{52E0D410-6332-453B-8350-DB9C0A467421} = {2B393270-44F5-4E70-82A2-51781F43FE57}
	EndGlobalSection
EndGlobal
